<?xml version="1.0" encoding="utf-8"?>
<Project ToolsVersion="4.0" xmlns="http://schemas.microsoft.com/developer/msbuild/2003">
  <ItemGroup>
    <ClCompile Include="BlockGame.cpp" />
    <ClCompile Include="Board.cpp" />
    <ClCompile Include="GameUtil.cpp" />
    <ClCompile Include="kgh.cpp" />
    <ClCompile Include="main.cpp" />
    <ClCompile Include="ngh.cpp" />
    <ClCompile Include="TenByTen.cpp" />
    <ClCompile Include="yms.cpp" />
  </ItemGroup>
  <ItemGroup>
    <ClInclude Include="BlockGame.h" />
    <ClInclude Include="Board.h" />
    <ClInclude Include="GameUtil.h" />
    <ClInclude Include="KeyDef.h" />
  </ItemGroup>
</Project>